Microsoft Visual Studio Solution File, Format Version 12.00
# Visual Studio Version 18
VisualStudioVersion = 18.0.11222.15
MinimumVisualStudioVersion = 10.0.40219.1
Project("{FAE04EC0-301F-11D3-BF4B-00C04F79EFBC}") = "ClockNet", "ClockNet\ClockNet.csproj", "{24E993CE-3CBC-4227-9293-08D618FFD1A1}"
EndProject
Project("{FAE04EC0-301F-11D3-BF4B-00C04F79EFBC}") = "ClockNet.Demo", "ClockNet.Demo\ClockNet.Demo.csproj", "{507EF6C0-8467-48F0-A99B-E105629523EC}"
EndProject
Project("{2150E333-8FDC-42A3-9474-1A3956D46DE8}") = "SolutionItems", "SolutionItems", "{7DC89E61-A724-4F23-A4E5-D6CED857C13E}"
	ProjectSection(SolutionItems) = preProject
		..\.gitignore = ..\.gitignore
	EndProjectSection
EndProject
Project("{FAE04EC0-301F-11D3-BF4B-00C04F79EFBC}") = "ClockNet.Compass", "ClockNet.Compass\ClockNet.Compass.csproj", "{E973701E-2E86-4A7D-9A7A-00A64722F9C6}"
EndProject
Project("{FAE04EC0-301F-11D3-BF4B-00C04F79EFBC}") = "ClockNet.Core", "ClockNet.Core\ClockNet.Core.csproj", "{63682B7F-4E6A-4C57-AB59-FDB55654270B}"
EndProject
Project("{FAE04EC0-301F-11D3-BF4B-00C04F79EFBC}") = "ClockWpf", "ClockWpf\ClockWpf.csproj", "{88BE96DF-E610-44B4-90DA-A8875B51F53C}"
EndProject
Project("{FAE04EC0-301F-11D3-BF4B-00C04F79EFBC}") = "ClockWpf.Demo", "ClockWpf.Demo\ClockWpf.Demo.csproj", "{146A6ACB-FEDB-4CDE-932B-9932F11820BA}"
EndProject
Project("{FAE04EC0-301F-11D3-BF4B-00C04F79EFBC}") = "ClockWpf.ClearClock", "ClockWpf.ClearClock\ClockWpf.ClearClock.csproj", "{AC4F0E1F-0A3C-47B7-9478-29960B86C8F3}"
EndProject
Global
	GlobalSection(SolutionConfigurationPlatforms) = preSolution
		Debug|Any CPU = Debug|Any CPU
		Release|Any CPU = Release|Any CPU
	EndGlobalSection
	GlobalSection(ProjectConfigurationPlatforms) = postSolution
		{24E993CE-3CBC-4227-9293-08D618FFD1A1}.Debug|Any CPU.ActiveCfg = Debug|Any CPU
		{24E993CE-3CBC-4227-9293-08D618FFD1A1}.Debug|Any CPU.Build.0 = Debug|Any CPU
		{24E993CE-3CBC-4227-9293-08D618FFD1A1}.Release|Any CPU.ActiveCfg = Release|Any CPU
		{24E993CE-3CBC-4227-9293-08D618FFD1A1}.Release|Any CPU.Build.0 = Release|Any CPU
		{507EF6C0-8467-48F0-A99B-E105629523EC}.Debug|Any CPU.ActiveCfg = Debug|Any CPU
		{507EF6C0-8467-48F0-A99B-E105629523EC}.Debug|Any CPU.Build.0 = Debug|Any CPU
		{507EF6C0-8467-48F0-A99B-E105629523EC}.Release|Any CPU.ActiveCfg = Release|Any CPU
		{507EF6C0-8467-48F0-A99B-E105629523EC}.Release|Any CPU.Build.0 = Release|Any CPU
		{E973701E-2E86-4A7D-9A7A-00A64722F9C6}.Debug|Any CPU.ActiveCfg = Debug|Any CPU
		{E973701E-2E86-4A7D-9A7A-00A64722F9C6}.Debug|Any CPU.Build.0 = Debug|Any CPU
		{E973701E-2E86-4A7D-9A7A-00A64722F9C6}.Release|Any CPU.ActiveCfg = Release|Any CPU
		{E973701E-2E86-4A7D-9A7A-00A64722F9C6}.Release|Any CPU.Build.0 = Release|Any CPU
		{63682B7F-4E6A-4C57-AB59-FDB55654270B}.Debug|Any CPU.ActiveCfg = Debug|Any CPU
		{63682B7F-4E6A-4C57-AB59-FDB55654270B}.Debug|Any CPU.Build.0 = Debug|Any CPU
		{63682B7F-4E6A-4C57-AB59-FDB55654270B}.Release|Any CPU.ActiveCfg = Release|Any CPU
		{63682B7F-4E6A-4C57-AB59-FDB55654270B}.Release|Any CPU.Build.0 = Release|Any CPU
		{88BE96DF-E610-44B4-90DA-A8875B51F53C}.Debug|Any CPU.ActiveCfg = Debug|Any CPU
		{88BE96DF-E610-44B4-90DA-A8875B51F53C}.Debug|Any CPU.Build.0 = Debug|Any CPU
		{88BE96DF-E610-44B4-90DA-A8875B51F53C}.Release|Any CPU.ActiveCfg = Release|Any CPU
		{88BE96DF-E610-44B4-90DA-A8875B51F53C}.Release|Any CPU.Build.0 = Release|Any CPU
		{146A6ACB-FEDB-4CDE-932B-9932F11820BA}.Debug|Any CPU.ActiveCfg = Debug|Any CPU
		{146A6ACB-FEDB-4CDE-932B-9932F11820BA}.Debug|Any CPU.Build.0 = Debug|Any CPU
		{146A6ACB-FEDB-4CDE-932B-9932F11820BA}.Release|Any CPU.ActiveCfg = Release|Any CPU
		{146A6ACB-FEDB-4CDE-932B-9932F11820BA}.Release|Any CPU.Build.0 = Release|Any CPU
		{AC4F0E1F-0A3C-47B7-9478-29960B86C8F3}.Debug|Any CPU.ActiveCfg = Debug|Any CPU
		{AC4F0E1F-0A3C-47B7-9478-29960B86C8F3}.Debug|Any CPU.Build.0 = Debug|Any CPU
		{AC4F0E1F-0A3C-47B7-9478-29960B86C8F3}.Release|Any CPU.ActiveCfg = Release|Any CPU
		{AC4F0E1F-0A3C-47B7-9478-29960B86C8F3}.Release|Any CPU.Build.0 = Release|Any CPU
	EndGlobalSection
	GlobalSection(SolutionProperties) = preSolution
		HideSolutionNode = FALSE
	EndGlobalSection
	GlobalSection(ExtensibilityGlobals) = postSolution
		SolutionGuid = {22C3F15A-A8A5-41A7-8305-545A55C2DD74}
	EndGlobalSection
EndGlobal
